
Microsoft Visual Studio Solution File, Format Version 12.00
# Visual Studio 14
VisualStudioVersion = 14.0.25420.1
MinimumVisualStudioVersion = 10.0.40219.1
Project("{FAE04EC0-301F-11D3-BF4B-00C04F79EFBC}") = "CSharpBlog", "CSharpBlog\CSharpBlog.csproj", "{5DECEA81-DD41-4E97-8885-D401A7F2659C}"
EndProject
Project("{FAE04EC0-301F-11D3-BF4B-00C04F79EFBC}") = "CSharpBlog.Tests", "CSharpBlog.Tests\CSharpBlog.Tests.csproj", "{51AD37FC-F1D7-4FB5-92B6-5DFFC8B52F15}"
EndProject
Global
	GlobalSection(SolutionConfigurationPlatforms) = preSolution
		Debug|Any CPU = Debug|Any CPU
		Release|Any CPU = Release|Any CPU
	EndGlobalSection
	GlobalSection(ProjectConfigurationPlatforms) = postSolution
		{5DECEA81-DD41-4E97-8885-D401A7F2659C}.Debug|Any CPU.ActiveCfg = Debug|Any CPU
		{5DECEA81-DD41-4E97-8885-D401A7F2659C}.Debug|Any CPU.Build.0 = Debug|Any CPU
		{5DECEA81-DD41-4E97-8885-D401A7F2659C}.Release|Any CPU.ActiveCfg = Release|Any CPU
		{5DECEA81-DD41-4E97-8885-D401A7F2659C}.Release|Any CPU.Build.0 = Release|Any CPU
		{51AD37FC-F1D7-4FB5-92B6-5DFFC8B52F15}.Debug|Any CPU.ActiveCfg = Debug|Any CPU
		{51AD37FC-F1D7-4FB5-92B6-5DFFC8B52F15}.Debug|Any CPU.Build.0 = Debug|Any CPU
		{51AD37FC-F1D7-4FB5-92B6-5DFFC8B52F15}.Release|Any CPU.ActiveCfg = Release|Any CPU
		{51AD37FC-F1D7-4FB5-92B6-5DFFC8B52F15}.Release|Any CPU.Build.0 = Release|Any CPU
	EndGlobalSection
	GlobalSection(SolutionProperties) = preSolution
		HideSolutionNode = FALSE
	EndGlobalSection
EndGlobal
